
Microsoft Visual Studio Solution File, Format Version 12.00
# Visual Studio 14
VisualStudioVersion = 14.0.24720.0
MinimumVisualStudioVersion = 10.0.40219.1
Project("{FAE04EC0-301F-11D3-BF4B-00C04F79EFBC}") = "LitResReadW10", "LitResReadW10\LitResReadW10.csproj", "{26AE8B0C-9563-445D-AB92-EEEB4DBCF790}"
EndProject
Project("{FAE04EC0-301F-11D3-BF4B-00C04F79EFBC}") = "LitRes.Models", "LitRes.Models\LitRes.Models\LitRes.Models.csproj", "{4F9813D6-17F1-458A-9651-013969A02932}"
EndProject
Project("{FAE04EC0-301F-11D3-BF4B-00C04F79EFBC}") = "LitRes.ViewModels", "LitRes.ViewModels\LitRes.ViewModels.csproj", "{49D2B278-9DBE-40C5-9CE1-F886EC69EFBD}"
EndProject
Project("{FAE04EC0-301F-11D3-BF4B-00C04F79EFBC}") = "LitRes.LiveTileAgent", "LitRes.LiveTileAgent\LitRes.LiveTileAgent.csproj", "{FA3E7E82-6A07-4DA9-B895-842268F3357A}"
EndProject
Project("{FAE04EC0-301F-11D3-BF4B-00C04F79EFBC}") = "Diggilect.Mvvm.Windows10", "Diggilect.Mvvm.Windows10\Diggilect.Mvvm.Windows10.csproj", "{92559E26-743C-44FC-AF14-A017C68E6879}"
EndProject
Project("{FAE04EC0-301F-11D3-BF4B-00C04F79EFBC}") = "Digillect.ObjectModel", "Digillect.ObjectModel\Digillect.ObjectModel.csproj", "{C580ED86-6891-4DB9-9E28-C30859F0D8C3}"
EndProject
Project("{FAE04EC0-301F-11D3-BF4B-00C04F79EFBC}") = "Digillect.Mvvm", "Digillect.Mvvm\Digillect.Mvvm.csproj", "{F0374C62-E283-48ED-8A66-7B2439DE6FE5}"
EndProject
Project("{FAE04EC0-301F-11D3-BF4B-00C04F79EFBC}") = "BookParser", "BookParser\BookParser.csproj", "{BE0FDFD7-81D8-47DF-ACFC-918056592BDD}"
EndProject
Project("{FAE04EC0-301F-11D3-BF4B-00C04F79EFBC}") = "BookRender", "BookRender\BookRender.csproj", "{663E2954-2742-4C8B-8449-61B5BD1B6D6E}"
EndProject
Global
	GlobalSection(SolutionConfigurationPlatforms) = preSolution
		Debug|Any CPU = Debug|Any CPU
		Debug|ARM = Debug|ARM
		Debug|x64 = Debug|x64
		Debug|x86 = Debug|x86
		Release|Any CPU = Release|Any CPU
		Release|ARM = Release|ARM
		Release|x64 = Release|x64
		Release|x86 = Release|x86
	EndGlobalSection
	GlobalSection(ProjectConfigurationPlatforms) = postSolution
		{26AE8B0C-9563-445D-AB92-EEEB4DBCF790}.Debug|Any CPU.ActiveCfg = Debug|x86
		{26AE8B0C-9563-445D-AB92-EEEB4DBCF790}.Debug|Any CPU.Build.0 = Debug|x86
		{26AE8B0C-9563-445D-AB92-EEEB4DBCF790}.Debug|Any CPU.Deploy.0 = Debug|x86
		{26AE8B0C-9563-445D-AB92-EEEB4DBCF790}.Debug|ARM.ActiveCfg = Debug|ARM
		{26AE8B0C-9563-445D-AB92-EEEB4DBCF790}.Debug|ARM.Build.0 = Debug|ARM
		{26AE8B0C-9563-445D-AB92-EEEB4DBCF790}.Debug|ARM.Deploy.0 = Debug|ARM
		{26AE8B0C-9563-445D-AB92-EEEB4DBCF790}.Debug|x64.ActiveCfg = Debug|x64
		{26AE8B0C-9563-445D-AB92-EEEB4DBCF790}.Debug|x64.Build.0 = Debug|x64
		{26AE8B0C-9563-445D-AB92-EEEB4DBCF790}.Debug|x64.Deploy.0 = Debug|x64
		{26AE8B0C-9563-445D-AB92-EEEB4DBCF790}.Debug|x86.ActiveCfg = Debug|x86
		{26AE8B0C-9563-445D-AB92-EEEB4DBCF790}.Debug|x86.Build.0 = Debug|x86
		{26AE8B0C-9563-445D-AB92-EEEB4DBCF790}.Debug|x86.Deploy.0 = Debug|x86
		{26AE8B0C-9563-445D-AB92-EEEB4DBCF790}.Release|Any CPU.ActiveCfg = Release|x86
		{26AE8B0C-9563-445D-AB92-EEEB4DBCF790}.Release|Any CPU.Build.0 = Release|x86
		{26AE8B0C-9563-445D-AB92-EEEB4DBCF790}.Release|Any CPU.Deploy.0 = Release|x86
		{26AE8B0C-9563-445D-AB92-EEEB4DBCF790}.Release|ARM.ActiveCfg = Release|ARM
		{26AE8B0C-9563-445D-AB92-EEEB4DBCF790}.Release|ARM.Build.0 = Release|ARM
		{26AE8B0C-9563-445D-AB92-EEEB4DBCF790}.Release|ARM.Deploy.0 = Release|ARM
		{26AE8B0C-9563-445D-AB92-EEEB4DBCF790}.Release|x64.ActiveCfg = Release|x64
		{26AE8B0C-9563-445D-AB92-EEEB4DBCF790}.Release|x64.Build.0 = Release|x64
		{26AE8B0C-9563-445D-AB92-EEEB4DBCF790}.Release|x64.Deploy.0 = Release|x64
		{26AE8B0C-9563-445D-AB92-EEEB4DBCF790}.Release|x86.ActiveCfg = Release|x86
		{26AE8B0C-9563-445D-AB92-EEEB4DBCF790}.Release|x86.Build.0 = Release|x86
		{26AE8B0C-9563-445D-AB92-EEEB4DBCF790}.Release|x86.Deploy.0 = Release|x86
		{4F9813D6-17F1-458A-9651-013969A02932}.Debug|Any CPU.ActiveCfg = Debug|Any CPU
		{4F9813D6-17F1-458A-9651-013969A02932}.Debug|Any CPU.Build.0 = Debug|Any CPU
		{4F9813D6-17F1-458A-9651-013969A02932}.Debug|ARM.ActiveCfg = Debug|ARM
		{4F9813D6-17F1-458A-9651-013969A02932}.Debug|ARM.Build.0 = Debug|ARM
		{4F9813D6-17F1-458A-9651-013969A02932}.Debug|x64.ActiveCfg = Debug|x64
		{4F9813D6-17F1-458A-9651-013969A02932}.Debug|x64.Build.0 = Debug|x64
		{4F9813D6-17F1-458A-9651-013969A02932}.Debug|x86.ActiveCfg = Debug|x86
		{4F9813D6-17F1-458A-9651-013969A02932}.Debug|x86.Build.0 = Debug|x86
		{4F9813D6-17F1-458A-9651-013969A02932}.Release|Any CPU.ActiveCfg = Release|Any CPU
		{4F9813D6-17F1-458A-9651-013969A02932}.Release|Any CPU.Build.0 = Release|Any CPU
		{4F9813D6-17F1-458A-9651-013969A02932}.Release|ARM.ActiveCfg = Release|ARM
		{4F9813D6-17F1-458A-9651-013969A02932}.Release|ARM.Build.0 = Release|ARM
		{4F9813D6-17F1-458A-9651-013969A02932}.Release|x64.ActiveCfg = Release|x64
		{4F9813D6-17F1-458A-9651-013969A02932}.Release|x64.Build.0 = Release|x64
		{4F9813D6-17F1-458A-9651-013969A02932}.Release|x86.ActiveCfg = Release|x86
		{4F9813D6-17F1-458A-9651-013969A02932}.Release|x86.Build.0 = Release|x86
		{49D2B278-9DBE-40C5-9CE1-F886EC69EFBD}.Debug|Any CPU.ActiveCfg = Debug|Any CPU
		{49D2B278-9DBE-40C5-9CE1-F886EC69EFBD}.Debug|Any CPU.Build.0 = Debug|Any CPU
		{49D2B278-9DBE-40C5-9CE1-F886EC69EFBD}.Debug|ARM.ActiveCfg = Debug|ARM
		{49D2B278-9DBE-40C5-9CE1-F886EC69EFBD}.Debug|ARM.Build.0 = Debug|ARM
		{49D2B278-9DBE-40C5-9CE1-F886EC69EFBD}.Debug|x64.ActiveCfg = Debug|x64
		{49D2B278-9DBE-40C5-9CE1-F886EC69EFBD}.Debug|x64.Build.0 = Debug|x64
		{49D2B278-9DBE-40C5-9CE1-F886EC69EFBD}.Debug|x86.ActiveCfg = Debug|x86
		{49D2B278-9DBE-40C5-9CE1-F886EC69EFBD}.Debug|x86.Build.0 = Debug|x86
		{49D2B278-9DBE-40C5-9CE1-F886EC69EFBD}.Release|Any CPU.ActiveCfg = Release|Any CPU
		{49D2B278-9DBE-40C5-9CE1-F886EC69EFBD}.Release|Any CPU.Build.0 = Release|Any CPU
		{49D2B278-9DBE-40C5-9CE1-F886EC69EFBD}.Release|ARM.ActiveCfg = Release|ARM
		{49D2B278-9DBE-40C5-9CE1-F886EC69EFBD}.Release|ARM.Build.0 = Release|ARM
		{49D2B278-9DBE-40C5-9CE1-F886EC69EFBD}.Release|x64.ActiveCfg = Release|x64
		{49D2B278-9DBE-40C5-9CE1-F886EC69EFBD}.Release|x64.Build.0 = Release|x64
		{49D2B278-9DBE-40C5-9CE1-F886EC69EFBD}.Release|x86.ActiveCfg = Release|x86
		{49D2B278-9DBE-40C5-9CE1-F886EC69EFBD}.Release|x86.Build.0 = Release|x86
		{FA3E7E82-6A07-4DA9-B895-842268F3357A}.Debug|Any CPU.ActiveCfg = Debug|Any CPU
		{FA3E7E82-6A07-4DA9-B895-842268F3357A}.Debug|Any CPU.Build.0 = Debug|Any CPU
		{FA3E7E82-6A07-4DA9-B895-842268F3357A}.Debug|ARM.ActiveCfg = Debug|ARM
		{FA3E7E82-6A07-4DA9-B895-842268F3357A}.Debug|ARM.Build.0 = Debug|ARM
		{FA3E7E82-6A07-4DA9-B895-842268F3357A}.Debug|x64.ActiveCfg = Debug|x64
		{FA3E7E82-6A07-4DA9-B895-842268F3357A}.Debug|x64.Build.0 = Debug|x64
		{FA3E7E82-6A07-4DA9-B895-842268F3357A}.Debug|x86.ActiveCfg = Debug|x86
		{FA3E7E82-6A07-4DA9-B895-842268F3357A}.Debug|x86.Build.0 = Debug|x86
		{FA3E7E82-6A07-4DA9-B895-842268F3357A}.Release|Any CPU.ActiveCfg = Release|Any CPU
		{FA3E7E82-6A07-4DA9-B895-842268F3357A}.Release|Any CPU.Build.0 = Release|Any CPU
		{FA3E7E82-6A07-4DA9-B895-842268F3357A}.Release|ARM.ActiveCfg = Release|ARM
		{FA3E7E82-6A07-4DA9-B895-842268F3357A}.Release|ARM.Build.0 = Release|ARM
		{FA3E7E82-6A07-4DA9-B895-842268F3357A}.Release|x64.ActiveCfg = Release|x64
		{FA3E7E82-6A07-4DA9-B895-842268F3357A}.Release|x64.Build.0 = Release|x64
		{FA3E7E82-6A07-4DA9-B895-842268F3357A}.Release|x86.ActiveCfg = Release|x86
		{FA3E7E82-6A07-4DA9-B895-842268F3357A}.Release|x86.Build.0 = Release|x86
		{92559E26-743C-44FC-AF14-A017C68E6879}.Debug|Any CPU.ActiveCfg = Debug|Any CPU
		{92559E26-743C-44FC-AF14-A017C68E6879}.Debug|Any CPU.Build.0 = Debug|Any CPU
		{92559E26-743C-44FC-AF14-A017C68E6879}.Debug|ARM.ActiveCfg = Debug|ARM
		{92559E26-743C-44FC-AF14-A017C68E6879}.Debug|ARM.Build.0 = Debug|ARM
		{92559E26-743C-44FC-AF14-A017C68E6879}.Debug|x64.ActiveCfg = Debug|x64
		{92559E26-743C-44FC-AF14-A017C68E6879}.Debug|x64.Build.0 = Debug|x64
		{92559E26-743C-44FC-AF14-A017C68E6879}.Debug|x86.ActiveCfg = Debug|x86
		{92559E26-743C-44FC-AF14-A017C68E6879}.Debug|x86.Build.0 = Debug|x86
		{92559E26-743C-44FC-AF14-A017C68E6879}.Release|Any CPU.ActiveCfg = Release|Any CPU
		{92559E26-743C-44FC-AF14-A017C68E6879}.Release|Any CPU.Build.0 = Release|Any CPU
		{92559E26-743C-44FC-AF14-A017C68E6879}.Release|ARM.ActiveCfg = Release|ARM
		{92559E26-743C-44FC-AF14-A017C68E6879}.Release|ARM.Build.0 = Release|ARM
		{92559E26-743C-44FC-AF14-A017C68E6879}.Release|x64.ActiveCfg = Release|x64
		{92559E26-743C-44FC-AF14-A017C68E6879}.Release|x64.Build.0 = Release|x64
		{92559E26-743C-44FC-AF14-A017C68E6879}.Release|x86.ActiveCfg = Release|x86
		{92559E26-743C-44FC-AF14-A017C68E6879}.Release|x86.Build.0 = Release|x86
		{C580ED86-6891-4DB9-9E28-C30859F0D8C3}.Debug|Any CPU.ActiveCfg = Debug|Any CPU
		{C580ED86-6891-4DB9-9E28-C30859F0D8C3}.Debug|Any CPU.Build.0 = Debug|Any CPU
		{C580ED86-6891-4DB9-9E28-C30859F0D8C3}.Debug|ARM.ActiveCfg = Debug|ARM
		{C580ED86-6891-4DB9-9E28-C30859F0D8C3}.Debug|ARM.Build.0 = Debug|ARM
		{C580ED86-6891-4DB9-9E28-C30859F0D8C3}.Debug|x64.ActiveCfg = Debug|x64
		{C580ED86-6891-4DB9-9E28-C30859F0D8C3}.Debug|x64.Build.0 = Debug|x64
		{C580ED86-6891-4DB9-9E28-C30859F0D8C3}.Debug|x86.ActiveCfg = Debug|x86
		{C580ED86-6891-4DB9-9E28-C30859F0D8C3}.Debug|x86.Build.0 = Debug|x86
		{C580ED86-6891-4DB9-9E28-C30859F0D8C3}.Release|Any CPU.ActiveCfg = Release|Any CPU
		{C580ED86-6891-4DB9-9E28-C30859F0D8C3}.Release|Any CPU.Build.0 = Release|Any CPU
		{C580ED86-6891-4DB9-9E28-C30859F0D8C3}.Release|ARM.ActiveCfg = Release|ARM
		{C580ED86-6891-4DB9-9E28-C30859F0D8C3}.Release|ARM.Build.0 = Release|ARM
		{C580ED86-6891-4DB9-9E28-C30859F0D8C3}.Release|x64.ActiveCfg = Release|x64
		{C580ED86-6891-4DB9-9E28-C30859F0D8C3}.Release|x64.Build.0 = Release|x64
		{C580ED86-6891-4DB9-9E28-C30859F0D8C3}.Release|x86.ActiveCfg = Release|x86
		{C580ED86-6891-4DB9-9E28-C30859F0D8C3}.Release|x86.Build.0 = Release|x86
		{F0374C62-E283-48ED-8A66-7B2439DE6FE5}.Debug|Any CPU.ActiveCfg = Debug|Any CPU
		{F0374C62-E283-48ED-8A66-7B2439DE6FE5}.Debug|Any CPU.Build.0 = Debug|Any CPU
		{F0374C62-E283-48ED-8A66-7B2439DE6FE5}.Debug|ARM.ActiveCfg = Debug|ARM
		{F0374C62-E283-48ED-8A66-7B2439DE6FE5}.Debug|ARM.Build.0 = Debug|ARM
		{F0374C62-E283-48ED-8A66-7B2439DE6FE5}.Debug|x64.ActiveCfg = Debug|x64
		{F0374C62-E283-48ED-8A66-7B2439DE6FE5}.Debug|x64.Build.0 = Debug|x64
		{F0374C62-E283-48ED-8A66-7B2439DE6FE5}.Debug|x86.ActiveCfg = Debug|x86
		{F0374C62-E283-48ED-8A66-7B2439DE6FE5}.Debug|x86.Build.0 = Debug|x86
		{F0374C62-E283-48ED-8A66-7B2439DE6FE5}.Release|Any CPU.ActiveCfg = Release|Any CPU
		{F0374C62-E283-48ED-8A66-7B2439DE6FE5}.Release|Any CPU.Build.0 = Release|Any CPU
		{F0374C62-E283-48ED-8A66-7B2439DE6FE5}.Release|ARM.ActiveCfg = Release|ARM
		{F0374C62-E283-48ED-8A66-7B2439DE6FE5}.Release|ARM.Build.0 = Release|ARM
		{F0374C62-E283-48ED-8A66-7B2439DE6FE5}.Release|x64.ActiveCfg = Release|x64
		{F0374C62-E283-48ED-8A66-7B2439DE6FE5}.Release|x64.Build.0 = Release|x64
		{F0374C62-E283-48ED-8A66-7B2439DE6FE5}.Release|x86.ActiveCfg = Release|x86
		{F0374C62-E283-48ED-8A66-7B2439DE6FE5}.Release|x86.Build.0 = Release|x86
		{BE0FDFD7-81D8-47DF-ACFC-918056592BDD}.Debug|Any CPU.ActiveCfg = Debug|Any CPU
		{BE0FDFD7-81D8-47DF-ACFC-918056592BDD}.Debug|Any CPU.Build.0 = Debug|Any CPU
		{BE0FDFD7-81D8-47DF-ACFC-918056592BDD}.Debug|ARM.ActiveCfg = Debug|ARM
		{BE0FDFD7-81D8-47DF-ACFC-918056592BDD}.Debug|ARM.Build.0 = Debug|ARM
		{BE0FDFD7-81D8-47DF-ACFC-918056592BDD}.Debug|x64.ActiveCfg = Debug|x64
		{BE0FDFD7-81D8-47DF-ACFC-918056592BDD}.Debug|x64.Build.0 = Debug|x64
		{BE0FDFD7-81D8-47DF-ACFC-918056592BDD}.Debug|x86.ActiveCfg = Debug|x86
		{BE0FDFD7-81D8-47DF-ACFC-918056592BDD}.Debug|x86.Build.0 = Debug|x86
		{BE0FDFD7-81D8-47DF-ACFC-918056592BDD}.Release|Any CPU.ActiveCfg = Release|Any CPU
		{BE0FDFD7-81D8-47DF-ACFC-918056592BDD}.Release|Any CPU.Build.0 = Release|Any CPU
		{BE0FDFD7-81D8-47DF-ACFC-918056592BDD}.Release|ARM.ActiveCfg = Release|ARM
		{BE0FDFD7-81D8-47DF-ACFC-918056592BDD}.Release|ARM.Build.0 = Release|ARM
		{BE0FDFD7-81D8-47DF-ACFC-918056592BDD}.Release|x64.ActiveCfg = Release|x64
		{BE0FDFD7-81D8-47DF-ACFC-918056592BDD}.Release|x64.Build.0 = Release|x64
		{BE0FDFD7-81D8-47DF-ACFC-918056592BDD}.Release|x86.ActiveCfg = Release|x86
		{BE0FDFD7-81D8-47DF-ACFC-918056592BDD}.Release|x86.Build.0 = Release|x86
		{663E2954-2742-4C8B-8449-61B5BD1B6D6E}.Debug|Any CPU.ActiveCfg = Debug|Any CPU
		{663E2954-2742-4C8B-8449-61B5BD1B6D6E}.Debug|Any CPU.Build.0 = Debug|Any CPU
		{663E2954-2742-4C8B-8449-61B5BD1B6D6E}.Debug|ARM.ActiveCfg = Debug|ARM
		{663E2954-2742-4C8B-8449-61B5BD1B6D6E}.Debug|ARM.Build.0 = Debug|ARM
		{663E2954-2742-4C8B-8449-61B5BD1B6D6E}.Debug|x64.ActiveCfg = Debug|x64
		{663E2954-2742-4C8B-8449-61B5BD1B6D6E}.Debug|x64.Build.0 = Debug|x64
		{663E2954-2742-4C8B-8449-61B5BD1B6D6E}.Debug|x86.ActiveCfg = Debug|x86
		{663E2954-2742-4C8B-8449-61B5BD1B6D6E}.Debug|x86.Build.0 = Debug|x86
		{663E2954-2742-4C8B-8449-61B5BD1B6D6E}.Release|Any CPU.ActiveCfg = Release|Any CPU
		{663E2954-2742-4C8B-8449-61B5BD1B6D6E}.Release|Any CPU.Build.0 = Release|Any CPU
		{663E2954-2742-4C8B-8449-61B5BD1B6D6E}.Release|ARM.ActiveCfg = Release|ARM
		{663E2954-2742-4C8B-8449-61B5BD1B6D6E}.Release|ARM.Build.0 = Release|ARM
		{663E2954-2742-4C8B-8449-61B5BD1B6D6E}.Release|x64.ActiveCfg = Release|x64
		{663E2954-2742-4C8B-8449-61B5BD1B6D6E}.Release|x64.Build.0 = Release|x64
		{663E2954-2742-4C8B-8449-61B5BD1B6D6E}.Release|x86.ActiveCfg = Release|x86
		{663E2954-2742-4C8B-8449-61B5BD1B6D6E}.Release|x86.Build.0 = Release|x86
	EndGlobalSection
	GlobalSection(SolutionProperties) = preSolution
		HideSolutionNode = FALSE
	EndGlobalSection
EndGlobal
